
Microsoft Visual Studio Solution File, Format Version 12.00
# Visual Studio 15
Project("{FAE04EC0-301F-11D3-BF4B-00C04F79EFBC}") = "FizzBuzz", "FizzBuzz\FizzBuzz.csproj", "{A61146C4-76BB-443C-8338-F359C7E93D0A}"
EndProject
Project("{FAE04EC0-301F-11D3-BF4B-00C04F79EFBC}") = "FizzBuzz.Tests", "FizzBuzz.Tests\FizzBuzz.Tests.csproj", "{80BA899B-F55C-4D7B-B7A9-A02620868E0E}"
EndProject
Global
	GlobalSection(SolutionConfigurationPlatforms) = preSolution
		Debug|Any CPU = Debug|Any CPU
		Release|Any CPU = Release|Any CPU
	EndGlobalSection
	GlobalSection(ProjectConfigurationPlatforms) = postSolution
		{A61146C4-76BB-443C-8338-F359C7E93D0A}.Debug|Any CPU.ActiveCfg = Debug|Any CPU
		{A61146C4-76BB-443C-8338-F359C7E93D0A}.Debug|Any CPU.Build.0 = Debug|Any CPU
		{A61146C4-76BB-443C-8338-F359C7E93D0A}.Release|Any CPU.ActiveCfg = Release|Any CPU
		{A61146C4-76BB-443C-8338-F359C7E93D0A}.Release|Any CPU.Build.0 = Release|Any CPU
		{80BA899B-F55C-4D7B-B7A9-A02620868E0E}.Debug|Any CPU.ActiveCfg = Debug|Any CPU
		{80BA899B-F55C-4D7B-B7A9-A02620868E0E}.Debug|Any CPU.Build.0 = Debug|Any CPU
		{80BA899B-F55C-4D7B-B7A9-A02620868E0E}.Release|Any CPU.ActiveCfg = Release|Any CPU
		{80BA899B-F55C-4D7B-B7A9-A02620868E0E}.Release|Any CPU.Build.0 = Release|Any CPU
	EndGlobalSection
EndGlobal
